# This is a Gradle generated file for dependency locking.
# Manual edits can break the build and are not advised.
# This file is expected to be part of source control.
aopalliance:aopalliance:1.0=compileClasspath,runtimeClasspath
ch.qos.logback:logback-classic:1.4.14=compileClasspath,runtimeClasspath
ch.qos.logback:logback-core:1.4.14=compileClasspath,runtimeClasspath
com.amazonaws:aws-java-sdk-bom:1.12.784=compileClasspath,runtimeClasspath
com.amazonaws:aws-java-sdk-core:1.12.784=compileClasspath,runtimeClasspath
com.amazonaws:aws-java-sdk-ebs:1.12.784=compileClasspath,runtimeClasspath
com.amazonaws:aws-java-sdk-ec2:1.12.784=compileClasspath,runtimeClasspath
com.amazonaws:aws-java-sdk-kms:1.12.784=compileClasspath,runtimeClasspath
com.amazonaws:aws-java-sdk-s3:1.12.784=compileClasspath,runtimeClasspath
com.amazonaws:jmespath-java:1.12.784=compileClasspath,runtimeClasspath
com.cronutils:cron-utils:9.2.1=compileClasspath,runtimeClasspath
com.fasterxml.jackson.core:jackson-annotations:2.19.0=compileClasspath,runtimeClasspath
com.fasterxml.jackson.core:jackson-core:2.19.0=compileClasspath,runtimeClasspath
com.fasterxml.jackson.core:jackson-databind:2.19.0=compileClasspath,runtimeClasspath
com.fasterxml.jackson.dataformat:jackson-dataformat-cbor:2.19.0=compileClasspath,runtimeClasspath
com.fasterxml.jackson.dataformat:jackson-dataformat-yaml:2.19.0=compileClasspath,runtimeClasspath
com.fasterxml.jackson.datatype:jackson-datatype-jsr310:2.19.0=compileClasspath,runtimeClasspath
com.fasterxml.jackson.jr:jackson-jr-objects:2.19.0=compileClasspath,runtimeClasspath
com.fasterxml.jackson:jackson-bom:2.19.0=compileClasspath,runtimeClasspath
com.github.ben-manes.caffeine:caffeine:2.9.3=runtimeClasspath
com.github.spotbugs:spotbugs-annotations:4.8.4=compileClasspath,runtimeClasspath
com.github.waffle:waffle-jna:3.2.0=runtimeClasspath
com.google.android:annotations:4.1.1.4=runtimeClasspath
com.google.api.grpc:proto-google-common-protos:2.51.0=compileClasspath,runtimeClasspath
com.google.code.findbugs:jsr305:3.0.2=compileClasspath,runtimeClasspath
com.google.code.gson:gson:2.11.0=compileClasspath,runtimeClasspath
com.google.errorprone:error_prone_annotations:2.30.0=compileClasspath,runtimeClasspath
com.google.guava:failureaccess:1.0.2=compileClasspath,runtimeClasspath
com.google.guava:guava:33.3.1-android=compileClasspath,runtimeClasspath
com.google.guava:listenablefuture:9999.0-empty-to-avoid-conflict-with-guava=compileClasspath,runtimeClasspath
com.google.inject.extensions:guice-assistedinject:6.0.0=compileClasspath,runtimeClasspath
com.google.inject:guice:6.0.0=compileClasspath,runtimeClasspath
com.google.j2objc:j2objc-annotations:3.0.0=compileClasspath,runtimeClasspath
com.google.protobuf:protobuf-java:4.31.1=compileClasspath,runtimeClasspath
com.h2database:h2:1.4.197=compileClasspath,runtimeClasspath
com.ibm.etcd:etcd-java:0.0.24=compileClasspath,runtimeClasspath
commons-codec:commons-codec:1.15=compileClasspath,runtimeClasspath
commons-logging:commons-logging:1.3.4=compileClasspath,runtimeClasspath
info.picocli:picocli:4.7.7=compileClasspath,runtimeClasspath
io.fabric8:kubernetes-client-api:7.3.1=compileClasspath,runtimeClasspath
io.fabric8:kubernetes-client:7.3.1=compileClasspath,runtimeClasspath
io.fabric8:kubernetes-httpclient-vertx:7.3.1=runtimeClasspath
io.fabric8:kubernetes-model-admissionregistration:7.3.1=compileClasspath,runtimeClasspath
io.fabric8:kubernetes-model-apiextensions:7.3.1=compileClasspath,runtimeClasspath
io.fabric8:kubernetes-model-apps:7.3.1=compileClasspath,runtimeClasspath
io.fabric8:kubernetes-model-autoscaling:7.3.1=compileClasspath,runtimeClasspath
io.fabric8:kubernetes-model-batch:7.3.1=compileClasspath,runtimeClasspath
io.fabric8:kubernetes-model-certificates:7.3.1=compileClasspath,runtimeClasspath
io.fabric8:kubernetes-model-common:7.3.1=compileClasspath,runtimeClasspath
io.fabric8:kubernetes-model-coordination:7.3.1=compileClasspath,runtimeClasspath
io.fabric8:kubernetes-model-core:7.3.1=compileClasspath,runtimeClasspath
io.fabric8:kubernetes-model-discovery:7.3.1=compileClasspath,runtimeClasspath
io.fabric8:kubernetes-model-events:7.3.1=compileClasspath,runtimeClasspath
io.fabric8:kubernetes-model-extensions:7.3.1=compileClasspath,runtimeClasspath
io.fabric8:kubernetes-model-flowcontrol:7.3.1=compileClasspath,runtimeClasspath
io.fabric8:kubernetes-model-gatewayapi:7.3.1=compileClasspath,runtimeClasspath
io.fabric8:kubernetes-model-metrics:7.3.1=compileClasspath,runtimeClasspath
io.fabric8:kubernetes-model-networking:7.3.1=compileClasspath,runtimeClasspath
io.fabric8:kubernetes-model-node:7.3.1=compileClasspath,runtimeClasspath
io.fabric8:kubernetes-model-policy:7.3.1=compileClasspath,runtimeClasspath
io.fabric8:kubernetes-model-rbac:7.3.1=compileClasspath,runtimeClasspath
io.fabric8:kubernetes-model-resource:7.3.1=compileClasspath,runtimeClasspath
io.fabric8:kubernetes-model-scheduling:7.3.1=compileClasspath,runtimeClasspath
io.fabric8:kubernetes-model-storageclass:7.3.1=compileClasspath,runtimeClasspath
io.fabric8:zjsonpatch:7.3.1=compileClasspath,runtimeClasspath
io.grpc:grpc-api:1.72.0=compileClasspath,runtimeClasspath
io.grpc:grpc-context:1.72.0=runtimeClasspath
io.grpc:grpc-core:1.72.0=runtimeClasspath
io.grpc:grpc-netty:1.72.0=compileClasspath,runtimeClasspath
io.grpc:grpc-protobuf-lite:1.72.0=runtimeClasspath
io.grpc:grpc-protobuf:1.72.0=compileClasspath,runtimeClasspath
io.grpc:grpc-stub:1.72.0=compileClasspath,runtimeClasspath
io.grpc:grpc-util:1.72.0=runtimeClasspath
io.hotmoka:toml4j:0.7.3=compileClasspath,runtimeClasspath
io.netty:netty-buffer:4.1.118.Final=compileClasspath,runtimeClasspath
io.netty:netty-codec-dns:4.1.118.Final=runtimeClasspath
io.netty:netty-codec-http2:4.1.118.Final=compileClasspath,runtimeClasspath
io.netty:netty-codec-http:4.1.118.Final=compileClasspath,runtimeClasspath
io.netty:netty-codec-socks:4.1.118.Final=runtimeClasspath
io.netty:netty-codec:4.1.118.Final=compileClasspath,runtimeClasspath
io.netty:netty-common:4.1.118.Final=compileClasspath,runtimeClasspath
io.netty:netty-handler-proxy:4.1.118.Final=runtimeClasspath
io.netty:netty-handler:4.1.118.Final=compileClasspath,runtimeClasspath
io.netty:netty-resolver-dns:4.1.118.Final=runtimeClasspath
io.netty:netty-resolver:4.1.118.Final=compileClasspath,runtimeClasspath
io.netty:netty-tcnative-boringssl-static:2.0.61.Final=runtimeClasspath
io.netty:netty-tcnative-classes:2.0.61.Final=runtimeClasspath
io.netty:netty-transport-classes-epoll:4.1.118.Final=compileClasspath,runtimeClasspath
io.netty:netty-transport-native-epoll:4.1.118.Final=compileClasspath,runtimeClasspath
io.netty:netty-transport-native-unix-common:4.1.118.Final=compileClasspath,runtimeClasspath
io.netty:netty-transport:4.1.118.Final=compileClasspath,runtimeClasspath
io.perfmark:perfmark-api:0.27.0=runtimeClasspath
io.projectreactor:reactor-bom:2023.0.18=compileClasspath,runtimeClasspath
io.projectreactor:reactor-core:3.6.17=compileClasspath,runtimeClasspath
io.prometheus:simpleclient:0.16.0=compileClasspath,runtimeClasspath
io.prometheus:simpleclient_common:0.16.0=compileClasspath,runtimeClasspath
io.prometheus:simpleclient_hotspot:0.16.0=runtimeClasspath
io.prometheus:simpleclient_tracer_common:0.16.0=compileClasspath,runtimeClasspath
io.prometheus:simpleclient_tracer_otel:0.16.0=compileClasspath,runtimeClasspath
io.prometheus:simpleclient_tracer_otel_agent:0.16.0=compileClasspath,runtimeClasspath
io.sentry:sentry:5.6.1=compileClasspath,runtimeClasspath
io.vertx:vertx-auth-common:4.5.14=runtimeClasspath
io.vertx:vertx-core:4.5.14=runtimeClasspath
io.vertx:vertx-web-client:4.5.14=runtimeClasspath
io.vertx:vertx-web-common:4.5.14=runtimeClasspath
jakarta.annotation:jakarta.annotation-api:1.3.5=runtimeClasspath
jakarta.inject:jakarta.inject-api:2.0.1=compileClasspath,runtimeClasspath
jakarta.servlet:jakarta.servlet-api:4.0.4=runtimeClasspath
jakarta.transaction:jakarta.transaction-api:1.3.3=compileClasspath,runtimeClasspath
jakarta.validation:jakarta.validation-api:2.0.2=runtimeClasspath
jakarta.ws.rs:jakarta.ws.rs-api:2.1.6=runtimeClasspath
javax.inject:javax.inject:1=compileClasspath,runtimeClasspath
joda-time:joda-time:2.12.7=compileClasspath,runtimeClasspath
net.java.dev.jna:jna-platform:5.12.1=runtimeClasspath
net.java.dev.jna:jna:5.12.1=runtimeClasspath
org.apache.commons:commons-dbcp2:2.13.0=compileClasspath,runtimeClasspath
org.apache.commons:commons-pool2:2.12.1=compileClasspath,runtimeClasspath
org.apache.httpcomponents.client5:httpclient5:5.4.4=compileClasspath,runtimeClasspath
org.apache.httpcomponents.core5:httpcore5-h2:5.3.4=compileClasspath,runtimeClasspath
org.apache.httpcomponents.core5:httpcore5:5.3.4=compileClasspath,runtimeClasspath
org.apache.httpcomponents:httpclient:4.5.13=compileClasspath,runtimeClasspath
org.apache.httpcomponents:httpcore:4.4.13=compileClasspath,runtimeClasspath
org.checkerframework:checker-qual:3.43.0=compileClasspath
org.checkerframework:checker-qual:3.49.3=runtimeClasspath
org.codehaus.mojo:animal-sniffer-annotations:1.24=compileClasspath,runtimeClasspath
org.flywaydb:flyway-core:7.15.0=runtimeClasspath
org.glassfish.grizzly:grizzly-framework:4.0.2=runtimeClasspath
org.glassfish.grizzly:grizzly-http-server:4.0.2=runtimeClasspath
org.glassfish.grizzly:grizzly-http-servlet:2.4.4=runtimeClasspath
org.glassfish.grizzly:grizzly-http:4.0.2=runtimeClasspath
org.glassfish.hk2.external:aopalliance-repackaged:2.6.1=runtimeClasspath
org.glassfish.hk2.external:jakarta.inject:2.6.1=runtimeClasspath
org.glassfish.hk2:guice-bridge:2.6.1=runtimeClasspath
org.glassfish.hk2:hk2-api:2.6.1=runtimeClasspath
org.glassfish.hk2:hk2-locator:2.6.1=runtimeClasspath
org.glassfish.hk2:hk2-utils:2.6.1=runtimeClasspath
org.glassfish.hk2:osgi-resource-locator:1.0.3=runtimeClasspath
org.glassfish.jersey.containers:jersey-container-grizzly2-http:2.46=runtimeClasspath
org.glassfish.jersey.containers:jersey-container-grizzly2-servlet:2.46=runtimeClasspath
org.glassfish.jersey.containers:jersey-container-servlet-core:2.46=runtimeClasspath
org.glassfish.jersey.containers:jersey-container-servlet:2.46=runtimeClasspath
org.glassfish.jersey.core:jersey-client:2.46=runtimeClasspath
org.glassfish.jersey.core:jersey-common:2.46=runtimeClasspath
org.glassfish.jersey.core:jersey-server:2.46=runtimeClasspath
org.glassfish.jersey.inject:jersey-hk2:2.46=runtimeClasspath
org.glassfish.jersey.media:jersey-media-sse:2.46=runtimeClasspath
org.javassist:javassist:3.30.2-GA=runtimeClasspath
org.mariadb.jdbc:mariadb-java-client:3.1.4=runtimeClasspath
org.postgresql:postgresql:42.7.7=runtimeClasspath
org.reactivestreams:reactive-streams:1.0.4=compileClasspath,runtimeClasspath
org.slf4j:jcl-over-slf4j:1.7.36=runtimeClasspath
org.slf4j:slf4j-api:2.0.17=compileClasspath,runtimeClasspath
org.snakeyaml:snakeyaml-engine:2.9=compileClasspath,runtimeClasspath
org.yaml:snakeyaml:2.4=compileClasspath,runtimeClasspath
empty=annotationProcessor
